// !$*UTF8*$!
{
	archiveVersion = 1;
	classes = {
	};
	objectVersion = 50;
	objects = {

/* Begin PBXBuildFile section */
		542249B5236BB12700A7A58A /* AppDelegate.swift in Sources */ = {isa = PBXBuildFile; fileRef = 542249B4236BB12700A7A58A /* AppDelegate.swift */; };
		542249B7236BB12700A7A58A /* SceneDelegate.swift in Sources */ = {isa = PBXBuildFile; fileRef = 542249B6236BB12700A7A58A /* SceneDelegate.swift */; };
		542249B9236BB12700A7A58A /* ViewController.swift in Sources */ = {isa = PBXBuildFile; fileRef = 542249B8236BB12700A7A58A /* ViewController.swift */; };
		542249BC236BB12700A7A58A /* Main.storyboard in Resources */ = {isa = PBXBuildFile; fileRef = 542249BA236BB12700A7A58A /* Main.storyboard */; };
		542249BE236BB12900A7A58A /* Assets.xcassets in Resources */ = {isa = PBXBuildFile; fileRef = 542249BD236BB12900A7A58A /* Assets.xcassets */; };
		542249C1236BB12900A7A58A /* LaunchScreen.storyboard in Resources */ = {isa = PBXBuildFile; fileRef = 542249BF236BB12900A7A58A /* LaunchScreen.storyboard */; };
/* End PBXBuildFile section */

/* Begin PBXFileReference section */
		542249B1236BB12700A7A58A /* Federal Tax Calculator.app */ = {isa = PBXFileReference; explicitFileType = wrapper.application; includeInIndex = 0; path = "Federal Tax Calculator.app"; sourceTree = BUILT_PRODUCTS_DIR; };
		542249B4236BB12700A7A58A /* AppDelegate.swift */ = {isa = PBXFileReference; lastKnownFileType = sourcecode.swift; path = AppDelegate.swift; sourceTree = "<group>"; };
		542249B6236BB12700A7A58A /* SceneDelegate.swift */ = {isa = PBXFileReference; lastKnownFileType = sourcecode.swift; path = SceneDelegate.swift; sourceTree = "<group>"; };
		542249B8236BB12700A7A58A /* ViewController.swift */ = {isa = PBXFileReference; lastKnownFileType = sourcecode.swift; path = ViewController.swift; sourceTree = "<group>"; };
		542249BB236BB12700A7A58A /* Base */ = {isa = PBXFileReference; lastKnownFileType = file.storyboard; name = Base; path = Base.lproj/Main.storyboard; sourceTree = "<group>"; };
		542249BD236BB12900A7A58A /* Assets.xcassets */ = {isa = PBXFileReference; lastKnownFileType = folder.assetcatalog; path = Assets.xcassets; sourceTree = "<group>"; };
		542249C0236BB12900A7A58A /* Base */ = {isa = PBXFileReference; lastKnownFileType = file.storyboard; name = Base; path = Base.lproj/LaunchScreen.storyboard; sourceTree = "<group>"; };
		542249C2236BB12900A7A58A /* Info.plist */ = {isa = PBXFileReference; lastKnownFileType = text.plist.xml; path = Info.plist; sourceTree = "<group>"; };
/* End PBXFileReference section */

/* Begin PBXFrameworksBuildPhase section */
		542249AE236BB12700A7A58A /* Frameworks */ = {
			isa = PBXFrameworksBuildPhase;
			buildActionMask = 2147483647;
			files = (
			);
			runOnlyForDeploymentPostprocessing = 0;
		};
/* End PBXFrameworksBuildPhase section */

/* Begin PBXGroup section */
		542249A8236BB12700A7A58A = {
			isa = PBXGroup;
			children = (
				542249B3236BB12700A7A58A /* Federal Tax Calculator */,
				542249B2236BB12700A7A58A /* Products */,
			);
			sourceTree = "<group>";
		};
		542249B2236BB12700A7A58A /* Products */ = {
			isa = PBXGroup;
			children = (
				542249B1236BB12700A7A58A /* Federal Tax Calculator.app */,
			);
			name = Products;
			sourceTree = "<group>";
		};
		542249B3236BB12700A7A58A /* Federal Tax Calculator */ = {
			isa = PBXGroup;
			children = (
				542249B4236BB12700A7A58A /* AppDelegate.swift */,
				542249B6236BB12700A7A58A /* SceneDelegate.swift */,
				542249B8236BB12700A7A58A /* ViewController.swift */,
				542249BA236BB12700A7A58A /* Main.storyboard */,
				542249BD236BB12900A7A58A /* Assets.xcassets */,
				542249BF236BB12900A7A58A /* LaunchScreen.storyboard */,
				542249C2236BB12900A7A58A /* Info.plist */,
			);
			path = "Federal Tax Calculator";
			sourceTree = "<group>";
		};
/* End PBXGroup section */

/* Begin PBXNativeTarget section */
		542249B0236BB12700A7A58A /* Federal Tax Calculator */ = {
			isa = PBXNativeTarget;
			buildConfigurationList = 542249C5236BB12900A7A58A /* Build configuration list for PBXNativeTarget "Federal Tax Calculator" */;
			buildPhases = (
				542249AD236BB12700A7A58A /* Sources */,
				542249AE236BB12700A7A58A /* Frameworks */,
				542249AF236BB12700A7A58A /* Resources */,
			);
			buildRules = (
			);
			dependencies = (
			);
			name = "Federal Tax Calculator";
			productName = "Federal Tax Calculator";
			productReference = 542249B1236BB12700A7A58A /* Federal Tax Calculator.app */;
			productType = "com.apple.product-type.application";
		};
/* End PBXNativeTarget section */

/* Begin PBXProject section */
		542249A9236BB12700A7A58A /* Project object */ = {
			isa = PBXProject;
			attributes = {
				LastSwiftUpdateCheck = 1110;
				LastUpgradeCheck = 1110;
				ORGANIZATIONNAME = "Li, Muchen";
				TargetAttributes = {
					542249B0236BB12700A7A58A = {
						CreatedOnToolsVersion = 11.1;
					};
				};
			};
			buildConfigurationList = 542249AC236BB12700A7A58A /* Build configuration list for PBXProject "Federal Tax Calculator" */;
			compatibilityVersion = "Xcode 9.3";
			developmentRegion = en;
			hasScannedForEncodings = 0;
			knownRegions = (
				en,
				Base,
			);
			mainGroup = 542249A8236BB12700A7A58A;
			productRefGroup = 542249B2236BB12700A7A58A /* Products */;
			projectDirPath = "";
			projectRoot = "";
			targets = (
				542249B0236BB12700A7A58A /* Federal Tax Calculator */,
			);
		};
/* End PBXProject section */

/* Begin PBXResourcesBuildPhase section */
		542249AF236BB12700A7A58A /* Resources */ = {
			isa = PBXResourcesBuildPhase;
			buildActionMask = 2147483647;
			files = (
				542249C1236BB12900A7A58A /* LaunchScreen.storyboard in Resources */,
				542249BE236BB12900A7A58A /* Assets.xcassets in Resources */,
				542249BC236BB12700A7A58A /* Main.storyboard in Resources */,
			);
			runOnlyForDeploymentPostprocessing = 0;
		};
/* End PBXResourcesBuildPhase section */

/* Begin PBXSourcesBuildPhase section */
		542249AD236BB12700A7A58A /* Sources */ = {
			isa = PBXSourcesBuildPhase;
			buildActionMask = 2147483647;
			files = (
				542249B9236BB12700A7A58A /* ViewController.swift in Sources */,
				542249B5236BB12700A7A58A /* AppDelegate.swift in Sources */,
				542249B7236BB12700A7A58A /* SceneDelegate.swift in Sources */,
			);
			runOnlyForDeploymentPostprocessing = 0;
		};
/* End PBXSourcesBuildPhase section */

/* Begin PBXVariantGroup section */
		542249BA236BB12700A7A58A /* Main.storyboard */ = {
			isa = PBXVariantGroup;
			children = (
				542249BB236BB12700A7A58A /* Base */,
			);
			name = Main.storyboard;
			sourceTree = "<group>";
		};
		542249BF236BB12900A7A58A /* LaunchScreen.storyboard */ = {
			isa = PBXVariantGroup;
			children = (
				542249C0236BB12900A7A58A /* Base */,
			);
			name = LaunchScreen.storyboard;
			sourceTree = "<group>";
		};
/* End PBXVariantGroup section */

/* Begin XCBuildConfiguration section */
		542249C3236BB12900A7A58A /* Debug */ = {
			isa = XCBuildConfiguration;
			buildSettings = {
				ALWAYS_SEARCH_USER_PATHS = NO;
				CLANG_ANALYZER_NONNULL = YES;
				CLANG_ANALYZER_NUMBER_OBJECT_CONVERSION = YES_AGGRESSIVE;
				CLANG_CXX_LANGUAGE_STANDARD = "gnu++14";
				CLANG_CXX_LIBRARY = "libc++";
				CLANG_ENABLE_MODULES = YES;
				CLANG_ENABLE_OBJC_ARC = YES;
				CLANG_ENABLE_OBJC_WEAK = YES;
				CLANG_WARN_BLOCK_CAPTURE_AUTORELEASING = YES;
				CLANG_WARN_BOOL_CONVERSION = YES;
				CLANG_WARN_COMMA = YES;
				CLANG_WARN_CONSTANT_CONVERSION = YES;
				CLANG_WARN_DEPRECATED_OBJC_IMPLEMENTATIONS = YES;
				CLANG_WARN_DIRECT_OBJC_ISA_USAGE = YES_ERROR;
				CLANG_WARN_DOCUMENTATION_COMMENTS = YES;
				CLANG_WARN_EMPTY_BODY = YES;
				CLANG_WARN_ENUM_CONVERSION = YES;
				CLANG_WARN_INFINITE_RECURSION = YES;
				CLANG_WARN_INT_CONVERSION = YES;
				CLANG_WARN_NON_LITERAL_NULL_CONVERSION = YES;
				CLANG_WARN_OBJC_IMPLICIT_RETAIN_SELF = YES;
				CLANG_WARN_OBJC_LITERAL_CONVERSION = YES;
				CLANG_WARN_OBJC_ROOT_CLASS = YES_ERROR;
				CLANG_WARN_RANGE_LOOP_ANALYSIS = YES;
				CLANG_WARN_STRICT_PROTOTYPES = YES;
				CLANG_WARN_SUSPICIOUS_MOVE = YES;
				CLANG_WARN_UNGUARDED_AVAILABILITY = YES_AGGRESSIVE;
				CLANG_WARN_UNREACHABLE_CODE = YES;
				CLANG_WARN__DUPLICATE_METHOD_MATCH = YES;
				COPY_PHASE_STRIP = NO;
				DEBUG_INFORMATION_FORMAT = dwarf;
				ENABLE_STRICT_OBJC_MSGSEND = YES;
				ENABLE_TESTABILITY = YES;
				GCC_C_LANGUAGE_STANDARD = gnu11;
				GCC_DYNAMIC_NO_PIC = NO;
				GCC_NO_COMMON_BLOCKS = YES;
				GCC_OPTIMIZATION_LEVEL = 0;
				GCC_PREPROCESSOR_DEFINITIONS = (
					"DEBUG=1",
					"$(inherited)",
				);
				GCC_WARN_64_TO_32_BIT_CONVERSION = YES;
				GCC_WARN_ABOUT_RETURN_TYPE = YES_ERROR;
				GCC_WARN_UNDECLARED_SELECTOR = YES;
				GCC_WARN_UNINITIALIZED_AUTOS = YES_AGGRESSIVE;
				GCC_WARN_UNUSED_FUNCTION = YES;
				GCC_WARN_UNUSED_VARIABLE = YES;
				IPHONEOS_DEPLOYMENT_TARGET = 13.1;
				MTL_ENABLE_DEBUG_INFO = INCLUDE_SOURCE;
				MTL_FAST_MATH = YES;
				ONLY_ACTIVE_ARCH = YES;
				SDKROOT = iphoneos;
				SWIFT_ACTIVE_COMPILATION_CONDITIONS = DEBUG;
				SWIFT_OPTIMIZATION_LEVEL = "-Onone";
			};
			name = Debug;
		};
		542249C4236BB12900A7A58A /* Release */ = {
			isa = XCBuildConfiguration;
			buildSettings = {
				ALWAYS_SEARCH_USER_PATHS = NO;
				CLANG_ANALYZER_NONNULL = YES;
				CLANG_ANALYZER_NUMBER_OBJECT_CONVERSION = YES_AGGRESSIVE;
				CLANG_CXX_LANGUAGE_STANDARD = "gnu++14";
				CLANG_CXX_LIBRARY = "libc++";
				CLANG_ENABLE_MODULES = YES;
				CLANG_ENABLE_OBJC_ARC = YES;
				CLANG_ENABLE_OBJC_WEAK = YES;
				CLANG_WARN_BLOCK_CAPTURE_AUTORELEASING = YES;
				CLANG_WARN_BOOL_CONVERSION = YES;
				CLANG_WARN_COMMA = YES;
				CLANG_WARN_CONSTANT_CONVERSION = YES;
				CLANG_WARN_DEPRECATED_OBJC_IMPLEMENTATIONS = YES;
				CLANG_WARN_DIRECT_OBJC_ISA_USAGE = YES_ERROR;
				CLANG_WARN_DOCUMENTATION_COMMENTS = YES;
				CLANG_WARN_EMPTY_BODY = YES;
				CLANG_WARN_ENUM_CONVERSION = YES;
				CLANG_WARN_INFINITE_RECURSION = YES;
				CLANG_WARN_INT_CONVERSION = YES;
				CLANG_WARN_NON_LITERAL_NULL_CONVERSION = YES;
				CLANG_WARN_OBJC_IMPLICIT_RETAIN_SELF = YES;
				CLANG_WARN_OBJC_LITERAL_CONVERSION = YES;
				CLANG_WARN_OBJC_ROOT_CLASS = YES_ERROR;
				CLANG_WARN_RANGE_LOOP_ANALYSIS = YES;
				CLANG_WARN_STRICT_PROTOTYPES = YES;
				CLANG_WARN_SUSPICIOUS_MOVE = YES;
				CLANG_WARN_UNGUARDED_AVAILABILITY = YES_AGGRESSIVE;
				CLANG_WARN_UNREACHABLE_CODE = YES;
				CLANG_WARN__DUPLICATE_METHOD_MATCH = YES;
				COPY_PHASE_STRIP = NO;
				DEBUG_INFORMATION_FORMAT = "dwarf-with-dsym";
				ENABLE_NS_ASSERTIONS = NO;
				ENABLE_STRICT_OBJC_MSGSEND = YES;
				GCC_C_LANGUAGE_STANDARD = gnu11;
				GCC_NO_COMMON_BLOCKS = YES;
				GCC_WARN_64_TO_32_BIT_CONVERSION = YES;
				GCC_WARN_ABOUT_RETURN_TYPE = YES_ERROR;
				GCC_WARN_UNDECLARED_SELECTOR = YES;
				GCC_WARN_UNINITIALIZED_AUTOS = YES_AGGRESSIVE;
				GCC_WARN_UNUSED_FUNCTION = YES;
				GCC_WARN_UNUSED_VARIABLE = YES;
				IPHONEOS_DEPLOYMENT_TARGET = 13.1;
				MTL_ENABLE_DEBUG_INFO = NO;
				MTL_FAST_MATH = YES;
				SDKROOT = iphoneos;
				SWIFT_COMPILATION_MODE = wholemodule;
				SWIFT_OPTIMIZATION_LEVEL = "-O";
				VALIDATE_PRODUCT = YES;
			};
			name = Release;
		};
		542249C6236BB12900A7A58A /* Debug */ = {
			isa = XCBuildConfiguration;
			buildSettings = {
				ASSETCATALOG_COMPILER_APPICON_NAME = AppIcon;
				CODE_SIGN_STYLE = Automatic;
				DEVELOPMENT_TEAM = 38A74XPH8R;
				INFOPLIST_FILE = "Federal Tax Calculator/Info.plist";
				LD_RUNPATH_SEARCH_PATHS = (
					"$(inherited)",
					"@executable_path/Frameworks",
				);
				PRODUCT_BUNDLE_IDENTIFIER = "ca.li.victoria.Federal-Tax-Calculator";
				PRODUCT_NAME = "$(TARGET_NAME)";
				SWIFT_VERSION = 5.0;
				TARGETED_DEVICE_FAMILY = "1,2";
			};
			name = Debug;
		};
		542249C7236BB12900A7A58A /* Release */ = {
			isa = XCBuildConfiguration;
			buildSettings = {
				ASSETCATALOG_COMPILER_APPICON_NAME = AppIcon;
				CODE_SIGN_STYLE = Automatic;
				DEVELOPMENT_TEAM = 38A74XPH8R;
				INFOPLIST_FILE = "Federal Tax Calculator/Info.plist";
				LD_RUNPATH_SEARCH_PATHS = (
					"$(inherited)",
					"@executable_path/Frameworks",
				);
				PRODUCT_BUNDLE_IDENTIFIER = "ca.li.victoria.Federal-Tax-Calculator";
				PRODUCT_NAME = "$(TARGET_NAME)";
				SWIFT_VERSION = 5.0;
				TARGETED_DEVICE_FAMILY = "1,2";
			};
			name = Release;
		};
/* End XCBuildConfiguration section */

/* Begin XCConfigurationList section */
		542249AC236BB12700A7A58A /* Build configuration list for PBXProject "Federal Tax Calculator" */ = {
			isa = XCConfigurationList;
			buildConfigurations = (
				542249C3236BB12900A7A58A /* Debug */,
				542249C4236BB12900A7A58A /* Release */,
			);
			defaultConfigurationIsVisible = 0;
			defaultConfigurationName = Release;
		};
		542249C5236BB12900A7A58A /* Build configuration list for PBXNativeTarget "Federal Tax Calculator" */ = {
			isa = XCConfigurationList;
			buildConfigurations = (
				542249C6236BB12900A7A58A /* Debug */,
				542249C7236BB12900A7A58A /* Release */,
			);
			defaultConfigurationIsVisible = 0;
			defaultConfigurationName = Release;
		};
/* End XCConfigurationList section */
	};
	rootObject = 542249A9236BB12700A7A58A /* Project object */;
}
